
Microsoft Visual Studio Solution File, Format Version 12.00
# Visual Studio Version 17
VisualStudioVersion = 17.13.35825.156 d17.13
MinimumVisualStudioVersion = 10.0.40219.1
Project("{FAE04EC0-301F-11D3-BF4B-00C04F79EFBC}") = "tpmodul5_103022300119", "tpmodul5_103022300119\tpmodul5_103022300119.csproj", "{E281447B-68C2-4D8B-AEDA-92A38CED2DDC}"
EndProject
Global
	GlobalSection(SolutionConfigurationPlatforms) = preSolution
		Debug|Any CPU = Debug|Any CPU
		Release|Any CPU = Release|Any CPU
	EndGlobalSection
	GlobalSection(ProjectConfigurationPlatforms) = postSolution
		{E281447B-68C2-4D8B-AEDA-92A38CED2DDC}.Debug|Any CPU.ActiveCfg = Debug|Any CPU
		{E281447B-68C2-4D8B-AEDA-92A38CED2DDC}.Debug|Any CPU.Build.0 = Debug|Any CPU
		{E281447B-68C2-4D8B-AEDA-92A38CED2DDC}.Release|Any CPU.ActiveCfg = Release|Any CPU
		{E281447B-68C2-4D8B-AEDA-92A38CED2DDC}.Release|Any CPU.Build.0 = Release|Any CPU
	EndGlobalSection
	GlobalSection(SolutionProperties) = preSolution
		HideSolutionNode = FALSE
	EndGlobalSection
	GlobalSection(ExtensibilityGlobals) = postSolution
		SolutionGuid = {EC92E8B6-567C-48BD-856E-4FE882D47315}
	EndGlobalSection
EndGlobal
